
Microsoft Visual Studio Solution File, Format Version 12.00
# Visual Studio 2012
Project("{FAE04EC0-301F-11D3-BF4B-00C04F79EFBC}") = "AVeryBigSum", "Algorithms_Challenge\AVeryBigSum.csproj", "{8740072C-1DE5-4AE2-AB2D-B6CB1C2159D1}"
EndProject
Project("{FAE04EC0-301F-11D3-BF4B-00C04F79EFBC}") = "DiagonalDifference", "DiagonalDifference\DiagonalDifference.csproj", "{A18B9DB5-A8DE-45A9-B06D-8E8C8B9674C4}"
EndProject
Project("{FAE04EC0-301F-11D3-BF4B-00C04F79EFBC}") = "GradingStudents", "GradingStudents\GradingStudents.csproj", "{A6066A4A-955B-4EF4-A1D0-0B72645328E1}"
EndProject
Global
	GlobalSection(SolutionConfigurationPlatforms) = preSolution
		Debug|x86 = Debug|x86
		Release|x86 = Release|x86
	EndGlobalSection
	GlobalSection(ProjectConfigurationPlatforms) = postSolution
		{8740072C-1DE5-4AE2-AB2D-B6CB1C2159D1}.Debug|x86.ActiveCfg = Debug|x86
		{8740072C-1DE5-4AE2-AB2D-B6CB1C2159D1}.Debug|x86.Build.0 = Debug|x86
		{8740072C-1DE5-4AE2-AB2D-B6CB1C2159D1}.Release|x86.ActiveCfg = Release|x86
		{8740072C-1DE5-4AE2-AB2D-B6CB1C2159D1}.Release|x86.Build.0 = Release|x86
		{A18B9DB5-A8DE-45A9-B06D-8E8C8B9674C4}.Debug|x86.ActiveCfg = Debug|x86
		{A18B9DB5-A8DE-45A9-B06D-8E8C8B9674C4}.Debug|x86.Build.0 = Debug|x86
		{A18B9DB5-A8DE-45A9-B06D-8E8C8B9674C4}.Release|x86.ActiveCfg = Release|x86
		{A18B9DB5-A8DE-45A9-B06D-8E8C8B9674C4}.Release|x86.Build.0 = Release|x86
		{A6066A4A-955B-4EF4-A1D0-0B72645328E1}.Debug|x86.ActiveCfg = Debug|x86
		{A6066A4A-955B-4EF4-A1D0-0B72645328E1}.Debug|x86.Build.0 = Debug|x86
		{A6066A4A-955B-4EF4-A1D0-0B72645328E1}.Release|x86.ActiveCfg = Release|x86
		{A6066A4A-955B-4EF4-A1D0-0B72645328E1}.Release|x86.Build.0 = Release|x86
	EndGlobalSection
EndGlobal
