
Microsoft Visual Studio Solution File, Format Version 12.00
# Visual Studio 15
VisualStudioVersion = 15.0.27004.2009
MinimumVisualStudioVersion = 10.0.40219.1
Project("{FAE04EC0-301F-11D3-BF4B-00C04F79EFBC}") = "InventoryAppDB.Interfaz", "InventoryAppDB.Controller\InventoryAppDB.Interfaz.csproj", "{6CA58EDE-6709-43E2-8849-5A05EEA3AC79}"
EndProject
Project("{FAE04EC0-301F-11D3-BF4B-00C04F79EFBC}") = "InventoryAppDB.Datos", "InventoryAppDB.View\InventoryAppDB.Datos.csproj", "{86533667-104A-43ED-BCB1-AA874CA3940E}"
EndProject
Project("{FAE04EC0-301F-11D3-BF4B-00C04F79EFBC}") = "InventoryAppDB.Logica", "InventoryAppDB.Model\InventoryAppDB.Logica.csproj", "{15740E9F-CD7A-432C-9455-33579390EB82}"
EndProject
Project("{FAE04EC0-301F-11D3-BF4B-00C04F79EFBC}") = "Entities", "Entities\Entities.csproj", "{335ACF9B-C3CF-48BB-9CF2-1EF36860EF4F}"
EndProject
Global
	GlobalSection(SolutionConfigurationPlatforms) = preSolution
		Debug|Any CPU = Debug|Any CPU
		Release|Any CPU = Release|Any CPU
	EndGlobalSection
	GlobalSection(ProjectConfigurationPlatforms) = postSolution
		{6CA58EDE-6709-43E2-8849-5A05EEA3AC79}.Debug|Any CPU.ActiveCfg = Debug|Any CPU
		{6CA58EDE-6709-43E2-8849-5A05EEA3AC79}.Debug|Any CPU.Build.0 = Debug|Any CPU
		{6CA58EDE-6709-43E2-8849-5A05EEA3AC79}.Release|Any CPU.ActiveCfg = Release|Any CPU
		{6CA58EDE-6709-43E2-8849-5A05EEA3AC79}.Release|Any CPU.Build.0 = Release|Any CPU
		{86533667-104A-43ED-BCB1-AA874CA3940E}.Debug|Any CPU.ActiveCfg = Debug|Any CPU
		{86533667-104A-43ED-BCB1-AA874CA3940E}.Debug|Any CPU.Build.0 = Debug|Any CPU
		{86533667-104A-43ED-BCB1-AA874CA3940E}.Release|Any CPU.ActiveCfg = Release|Any CPU
		{86533667-104A-43ED-BCB1-AA874CA3940E}.Release|Any CPU.Build.0 = Release|Any CPU
		{15740E9F-CD7A-432C-9455-33579390EB82}.Debug|Any CPU.ActiveCfg = Debug|Any CPU
		{15740E9F-CD7A-432C-9455-33579390EB82}.Debug|Any CPU.Build.0 = Debug|Any CPU
		{15740E9F-CD7A-432C-9455-33579390EB82}.Release|Any CPU.ActiveCfg = Release|Any CPU
		{15740E9F-CD7A-432C-9455-33579390EB82}.Release|Any CPU.Build.0 = Release|Any CPU
		{335ACF9B-C3CF-48BB-9CF2-1EF36860EF4F}.Debug|Any CPU.ActiveCfg = Debug|Any CPU
		{335ACF9B-C3CF-48BB-9CF2-1EF36860EF4F}.Debug|Any CPU.Build.0 = Debug|Any CPU
		{335ACF9B-C3CF-48BB-9CF2-1EF36860EF4F}.Release|Any CPU.ActiveCfg = Release|Any CPU
		{335ACF9B-C3CF-48BB-9CF2-1EF36860EF4F}.Release|Any CPU.Build.0 = Release|Any CPU
	EndGlobalSection
	GlobalSection(SolutionProperties) = preSolution
		HideSolutionNode = FALSE
	EndGlobalSection
	GlobalSection(ExtensibilityGlobals) = postSolution
		SolutionGuid = {F009F46E-7F14-4AC2-B9CC-3B19FCE4A94A}
	EndGlobalSection
EndGlobal
